
Microsoft Visual Studio Solution File, Format Version 12.00
# Visual Studio Version 17
VisualStudioVersion = 17.0.32014.148
MinimumVisualStudioVersion = 10.0.40219.1
Project("{8BC9CEB8-8B4A-11D0-8D11-00A0C91BC942}") = "C02", "C02\C02.vcxproj", "{DE190299-9651-48A4-A5CF-D0E57B5C7554}"
EndProject
Global
	GlobalSection(SolutionConfigurationPlatforms) = preSolution
		Debug|x64 = Debug|x64
		Debug|x86 = Debug|x86
		Release|x64 = Release|x64
		Release|x86 = Release|x86
	EndGlobalSection
	GlobalSection(ProjectConfigurationPlatforms) = postSolution
		{DE190299-9651-48A4-A5CF-D0E57B5C7554}.Debug|x64.ActiveCfg = Debug|x64
		{DE190299-9651-48A4-A5CF-D0E57B5C7554}.Debug|x64.Build.0 = Debug|x64
		{DE190299-9651-48A4-A5CF-D0E57B5C7554}.Debug|x86.ActiveCfg = Debug|Win32
		{DE190299-9651-48A4-A5CF-D0E57B5C7554}.Debug|x86.Build.0 = Debug|Win32
		{DE190299-9651-48A4-A5CF-D0E57B5C7554}.Release|x64.ActiveCfg = Release|x64
		{DE190299-9651-48A4-A5CF-D0E57B5C7554}.Release|x64.Build.0 = Release|x64
		{DE190299-9651-48A4-A5CF-D0E57B5C7554}.Release|x86.ActiveCfg = Release|Win32
		{DE190299-9651-48A4-A5CF-D0E57B5C7554}.Release|x86.Build.0 = Release|Win32
	EndGlobalSection
	GlobalSection(SolutionProperties) = preSolution
		HideSolutionNode = FALSE
	EndGlobalSection
	GlobalSection(ExtensibilityGlobals) = postSolution
		SolutionGuid = {1F60F69A-1071-4116-A5E2-41DA1F80C06A}
	EndGlobalSection
EndGlobal
