
Microsoft Visual Studio Solution File, Format Version 12.00
# Visual Studio Version 17
VisualStudioVersion = 17.0.32014.148
MinimumVisualStudioVersion = 10.0.40219.1
Project("{8BC9CEB8-8B4A-11D0-8D11-00A0C91BC942}") = "C07", "C07\C07.vcxproj", "{AEB43DB6-D2C8-4222-99DD-4DDF3BFA14BA}"
EndProject
Global
	GlobalSection(SolutionConfigurationPlatforms) = preSolution
		Debug|x64 = Debug|x64
		Debug|x86 = Debug|x86
		Release|x64 = Release|x64
		Release|x86 = Release|x86
	EndGlobalSection
	GlobalSection(ProjectConfigurationPlatforms) = postSolution
		{AEB43DB6-D2C8-4222-99DD-4DDF3BFA14BA}.Debug|x64.ActiveCfg = Debug|x64
		{AEB43DB6-D2C8-4222-99DD-4DDF3BFA14BA}.Debug|x64.Build.0 = Debug|x64
		{AEB43DB6-D2C8-4222-99DD-4DDF3BFA14BA}.Debug|x86.ActiveCfg = Debug|Win32
		{AEB43DB6-D2C8-4222-99DD-4DDF3BFA14BA}.Debug|x86.Build.0 = Debug|Win32
		{AEB43DB6-D2C8-4222-99DD-4DDF3BFA14BA}.Release|x64.ActiveCfg = Release|x64
		{AEB43DB6-D2C8-4222-99DD-4DDF3BFA14BA}.Release|x64.Build.0 = Release|x64
		{AEB43DB6-D2C8-4222-99DD-4DDF3BFA14BA}.Release|x86.ActiveCfg = Release|Win32
		{AEB43DB6-D2C8-4222-99DD-4DDF3BFA14BA}.Release|x86.Build.0 = Release|Win32
	EndGlobalSection
	GlobalSection(SolutionProperties) = preSolution
		HideSolutionNode = FALSE
	EndGlobalSection
	GlobalSection(ExtensibilityGlobals) = postSolution
		SolutionGuid = {F39C75EC-2283-4BC1-8174-F272B26E6617}
	EndGlobalSection
EndGlobal
